
Microsoft Visual Studio Solution File, Format Version 12.00
# Visual Studio Version 17
VisualStudioVersion = 17.7.34221.43
MinimumVisualStudioVersion = 10.0.40219.1
Project("{FAE04EC0-301F-11D3-BF4B-00C04F79EFBC}") = "ProyectoIntegrador", "ProyectoIntegrador\ProyectoIntegrador.csproj", "{33604A0E-4BE3-49D8-AF7E-A3DA43A542A2}"
EndProject
Global
	GlobalSection(SolutionConfigurationPlatforms) = preSolution
		Debug|Any CPU = Debug|Any CPU
		Release|Any CPU = Release|Any CPU
	EndGlobalSection
	GlobalSection(ProjectConfigurationPlatforms) = postSolution
		{33604A0E-4BE3-49D8-AF7E-A3DA43A542A2}.Debug|Any CPU.ActiveCfg = Debug|Any CPU
		{33604A0E-4BE3-49D8-AF7E-A3DA43A542A2}.Debug|Any CPU.Build.0 = Debug|Any CPU
		{33604A0E-4BE3-49D8-AF7E-A3DA43A542A2}.Release|Any CPU.ActiveCfg = Release|Any CPU
		{33604A0E-4BE3-49D8-AF7E-A3DA43A542A2}.Release|Any CPU.Build.0 = Release|Any CPU
	EndGlobalSection
	GlobalSection(SolutionProperties) = preSolution
		HideSolutionNode = FALSE
	EndGlobalSection
	GlobalSection(ExtensibilityGlobals) = postSolution
		SolutionGuid = {0C090A45-74D4-4C0F-9E73-F9FB2EE19AB9}
	EndGlobalSection
EndGlobal
